
Microsoft Visual Studio Solution File, Format Version 12.00
# Visual Studio Version 16
VisualStudioVersion = 16.0.29609.76
MinimumVisualStudioVersion = 10.0.40219.1
Project("{E24C65DC-7377-472B-9ABA-BC803B73C61A}") = "Dracula.Server", "Dracula.Server\", "{22B1E1E9-E352-4F5A-A0F0-C95EAE1DF67E}"
	ProjectSection(WebsiteProperties) = preProject
		TargetFrameworkMoniker = ".NETFramework,Version%3Dv4.7.2"
		Debug.AspNetCompiler.VirtualPath = "/localhost_50002"
		Debug.AspNetCompiler.PhysicalPath = "Dracula.Server\"
		Debug.AspNetCompiler.TargetPath = "PrecompiledWeb\localhost_50002\"
		Debug.AspNetCompiler.Updateable = "true"
		Debug.AspNetCompiler.ForceOverwrite = "true"
		Debug.AspNetCompiler.FixedNames = "false"
		Debug.AspNetCompiler.Debug = "True"
		Release.AspNetCompiler.VirtualPath = "/localhost_50002"
		Release.AspNetCompiler.PhysicalPath = "Dracula.Server\"
		Release.AspNetCompiler.TargetPath = "PrecompiledWeb\localhost_50002\"
		Release.AspNetCompiler.Updateable = "true"
		Release.AspNetCompiler.ForceOverwrite = "true"
		Release.AspNetCompiler.FixedNames = "false"
		Release.AspNetCompiler.Debug = "False"
		VWDPort = "50002"
		SlnRelativePath = "Dracula.Server\"
		DefaultWebSiteLanguage = "Visual C#"
		StartServerOnDebug = "true"
	EndProjectSection
EndProject
Project("{9A19103F-16F7-4668-BE54-9A1E7A4F7556}") = "Dracula.Client.Core", "Dracula.Client\Dracula.Client.Core.csproj", "{5C810217-3A3D-45BF-9C92-ECF0ADCFD3A7}"
EndProject
Project("{9A19103F-16F7-4668-BE54-9A1E7A4F7556}") = "ConsoleApp1", "ConsoleApp1\ConsoleApp1.csproj", "{F2963A82-231A-49BC-958F-090ED831F933}"
EndProject
Project("{FAE04EC0-301F-11D3-BF4B-00C04F79EFBC}") = "Dracula.Client.Net", "Dracula.Client.Net\Dracula.Client.Net.csproj", "{BEE6C3F2-D735-4770-8A06-B63F3C700996}"
	ProjectSection(ProjectDependencies) = postProject
		{22B1E1E9-E352-4F5A-A0F0-C95EAE1DF67E} = {22B1E1E9-E352-4F5A-A0F0-C95EAE1DF67E}
	EndProjectSection
EndProject
Global
	GlobalSection(SolutionConfigurationPlatforms) = preSolution
		Debug|Any CPU = Debug|Any CPU
		Release|Any CPU = Release|Any CPU
	EndGlobalSection
	GlobalSection(ProjectConfigurationPlatforms) = postSolution
		{22B1E1E9-E352-4F5A-A0F0-C95EAE1DF67E}.Debug|Any CPU.ActiveCfg = Debug|Any CPU
		{22B1E1E9-E352-4F5A-A0F0-C95EAE1DF67E}.Debug|Any CPU.Build.0 = Debug|Any CPU
		{22B1E1E9-E352-4F5A-A0F0-C95EAE1DF67E}.Release|Any CPU.ActiveCfg = Debug|Any CPU
		{22B1E1E9-E352-4F5A-A0F0-C95EAE1DF67E}.Release|Any CPU.Build.0 = Debug|Any CPU
		{5C810217-3A3D-45BF-9C92-ECF0ADCFD3A7}.Debug|Any CPU.ActiveCfg = Debug|Any CPU
		{5C810217-3A3D-45BF-9C92-ECF0ADCFD3A7}.Debug|Any CPU.Build.0 = Debug|Any CPU
		{5C810217-3A3D-45BF-9C92-ECF0ADCFD3A7}.Release|Any CPU.ActiveCfg = Release|Any CPU
		{5C810217-3A3D-45BF-9C92-ECF0ADCFD3A7}.Release|Any CPU.Build.0 = Release|Any CPU
		{F2963A82-231A-49BC-958F-090ED831F933}.Debug|Any CPU.ActiveCfg = Debug|Any CPU
		{F2963A82-231A-49BC-958F-090ED831F933}.Debug|Any CPU.Build.0 = Debug|Any CPU
		{F2963A82-231A-49BC-958F-090ED831F933}.Release|Any CPU.ActiveCfg = Release|Any CPU
		{F2963A82-231A-49BC-958F-090ED831F933}.Release|Any CPU.Build.0 = Release|Any CPU
		{BEE6C3F2-D735-4770-8A06-B63F3C700996}.Debug|Any CPU.ActiveCfg = Debug|Any CPU
		{BEE6C3F2-D735-4770-8A06-B63F3C700996}.Debug|Any CPU.Build.0 = Debug|Any CPU
		{BEE6C3F2-D735-4770-8A06-B63F3C700996}.Release|Any CPU.ActiveCfg = Release|Any CPU
		{BEE6C3F2-D735-4770-8A06-B63F3C700996}.Release|Any CPU.Build.0 = Release|Any CPU
	EndGlobalSection
	GlobalSection(SolutionProperties) = preSolution
		HideSolutionNode = FALSE
	EndGlobalSection
	GlobalSection(ExtensibilityGlobals) = postSolution
		SolutionGuid = {5E36ADBB-8B9C-41B1-B7EC-9DC375790F4E}
	EndGlobalSection
EndGlobal
